hash: f7934f1e6474567b3a909233989a6dbb0b9a265e1ff4cbbcdd9f4a0655c23100
updated: 2016-08-02T22:28:20.659866871+02:00
imports:
- name: github.com/cloudfoundry-incubator/candiedyaml
  version: 99c3df83b51532e3615f851d8c2dbb638f5313bf
- name: github.com/ghodss/yaml
  version: aa0c862057666179de291b67d9f093d12b5a8473
- name: github.com/Sirupsen/logrus
  version: a283a10442df8dc09befd873fab202bf8a253d6a
- name: github.com/smartystreets/goconvey
  version: 4622128e06c77c0174e17a7f0ed2db19a989b473
  subpackages:
  - convey
  - convey/reporting
  - convey/gotest
- name: github.com/vjeantet/grok
  version: 83bfdfdfd1a8146795b28e547a8e3c8b28a466c2
- name: golang.org/x/sys
  version: a646d33e2ee3172a661fc09bca23bb4889a41bc8
  subpackages:
  - unix
testImports:
- name: github.com/gopherjs/gopherjs
  version: 72e303cb5f235b23471872477b57e573dc1c71d0
  subpackages:
  - js
- name: github.com/jtolds/gls
  version: 8ddce2a84170772b95dd5d576c48d517b22cac63
- name: github.com/smartystreets/assertions
  version: 2063fd1cc7c975db70502811a34b06ad034ccdf2
  subpackages:
  - internal/go-render/render
  - internal/oglematchers
